# generated by rye
# use `rye lock` or `rye sync` to update this lockfile
#
# last locked with the following flags:
#   pre: false
#   features: []
#   all-features: false
#   with-sources: false
#   generate-hashes: false

-e file:.
absl-py==2.1.0
    # via tensorboard
aiosignal==1.3.1
    # via ray
alembic==1.13.1
    # via mlflow
aniso8601==9.0.1
    # via graphene
annotated-types==0.6.0
    # via pydantic
attrs==23.2.0
    # via jsonschema
    # via referencing
backports-tarfile==1.1.1
    # via jaraco-context
bayesian-optimization==1.4.3
    # via mads-deeplearning
blinker==1.8.2
    # via flask
certifi==2024.2.2
    # via requests
charset-normalizer==3.3.2
    # via requests
click==8.1.7
    # via flask
    # via mlflow
    # via ray
cloudpickle==3.0.0
    # via hyperopt
    # via mlflow
    # via shap
colorama==0.4.6
    # via bayesian-optimization
configspace==0.7.1
    # via mads-deeplearning
contourpy==1.2.1
    # via matplotlib
cycler==0.12.1
    # via matplotlib
docker==7.0.0
    # via mlflow
entrypoints==0.4
    # via mlflow
filelock==3.14.0
    # via ray
    # via torch
flask==3.0.3
    # via mlflow
fonttools==4.51.0
    # via matplotlib
frozenlist==1.4.1
    # via aiosignal
    # via ray
fsspec==2024.3.1
    # via ray
    # via torch
future==1.0.0
    # via hyperopt
gin-config==0.5.0
    # via mltrainer
gitdb==4.0.11
    # via gitpython
gitpython==3.1.43
    # via mlflow
graphene==3.3
    # via mlflow
graphql-core==3.2.3
    # via graphene
    # via graphql-relay
graphql-relay==3.2.0
    # via graphene
grpcio==1.63.0
    # via tensorboard
gunicorn==21.2.0
    # via mlflow
hyperopt==0.2.7
    # via mads-deeplearning
idna==3.7
    # via requests
importlib-metadata==7.1.0
    # via keyring
    # via mlflow
itsdangerous==2.2.0
    # via flask
jaraco-classes==3.4.0
    # via keyring
jaraco-context==5.3.0
    # via keyring
jaraco-functools==4.0.1
    # via keyring
jinja2==3.1.4
    # via flask
    # via mlflow
    # via torch
joblib==1.4.2
    # via scikit-learn
jsonschema==4.22.0
    # via ray
jsonschema-specifications==2023.12.1
    # via jsonschema
keyring==25.2.0
    # via mads-datasets
kiwisolver==1.4.5
    # via matplotlib
llvmlite==0.42.0
    # via numba
loguru==0.7.2
    # via mads-datasets
    # via mads-deeplearning
    # via mltrainer
mads-datasets==0.3.10
    # via mads-deeplearning
mako==1.3.3
    # via alembic
markdown==3.6
    # via mlflow
    # via tensorboard
markupsafe==2.1.5
    # via jinja2
    # via mako
    # via werkzeug
matplotlib==3.8.4
    # via mads-deeplearning
    # via mlflow
    # via seaborn
mlflow==2.12.1
    # via mltrainer
mltrainer==0.1.127
    # via mads-deeplearning
more-itertools==10.2.0
    # via configspace
    # via jaraco-classes
    # via jaraco-functools
mpmath==1.3.0
    # via sympy
msgpack==1.0.8
    # via ray
networkx==3.3
    # via hyperopt
    # via torch
numba==0.59.1
    # via shap
numpy==1.26.4
    # via bayesian-optimization
    # via configspace
    # via contourpy
    # via hyperopt
    # via mads-datasets
    # via mads-deeplearning
    # via matplotlib
    # via mlflow
    # via mltrainer
    # via numba
    # via pandas
    # via pyarrow
    # via scikit-learn
    # via scipy
    # via seaborn
    # via shap
    # via tensorboard
    # via tensorboardx
    # via torchtext
    # via torchvision
packaging==24.0
    # via docker
    # via gunicorn
    # via matplotlib
    # via mlflow
    # via plotly
    # via ray
    # via shap
    # via tensorboardx
pandas==2.2.2
    # via mads-datasets
    # via mads-deeplearning
    # via mlflow
    # via ray
    # via seaborn
    # via shap
    # via torch-tb-profiler
pillow==10.3.0
    # via mads-datasets
    # via matplotlib
    # via torchvision
plotly==5.22.0
    # via mads-deeplearning
polars==0.20.24
    # via mads-datasets
protobuf==5.26.1
    # via mlflow
    # via ray
    # via tensorboard
    # via tensorboardx
py4j==0.10.9.7
    # via hyperopt
pyarrow==15.0.2
    # via mlflow
    # via ray
pydantic==2.7.1
    # via mads-datasets
    # via mads-deeplearning
    # via mltrainer
pydantic-core==2.18.2
    # via pydantic
pyparsing==3.1.2
    # via configspace
    # via matplotlib
python-dateutil==2.9.0.post0
    # via matplotlib
    # via pandas
pytz==2024.1
    # via mlflow
    # via pandas
pyyaml==6.0.1
    # via mlflow
    # via ray
querystring-parser==1.2.4
    # via mlflow
ray==2.20.0
    # via mltrainer
referencing==0.35.1
    # via jsonschema
    # via jsonschema-specifications
requests==2.31.0
    # via docker
    # via mads-datasets
    # via mlflow
    # via ray
    # via torchtext
rpds-py==0.18.1
    # via jsonschema
    # via referencing
scikit-learn==1.4.2
    # via bayesian-optimization
    # via mlflow
    # via shap
scipy==1.13.0
    # via bayesian-optimization
    # via configspace
    # via hyperopt
    # via mlflow
    # via scikit-learn
    # via shap
seaborn==0.13.2
    # via mads-deeplearning
setuptools==69.5.1
    # via tensorboard
shap==0.45.0
    # via mads-deeplearning
six==1.16.0
    # via hyperopt
    # via python-dateutil
    # via querystring-parser
    # via tensorboard
slicer==0.0.7
    # via shap
smmap==5.0.1
    # via gitdb
sqlalchemy==2.0.30
    # via alembic
    # via mlflow
sqlparse==0.5.0
    # via mlflow
sympy==1.12
    # via torch
tenacity==8.3.0
    # via plotly
tensorboard==2.16.2
    # via mads-deeplearning
    # via torch-tb-profiler
tensorboard-data-server==0.7.2
    # via tensorboard
tensorboardx==2.6.2.2
    # via ray
threadpoolctl==3.5.0
    # via scikit-learn
torch==2.3.0
    # via mads-datasets
    # via mads-deeplearning
    # via mltrainer
    # via torchtext
    # via torchvision
torch-tb-profiler==0.4.3
    # via mads-deeplearning
    # via mltrainer
torchsummary==1.5.1
    # via mads-deeplearning
torchtext==0.18.0
    # via mltrainer
torchvision==0.18.0
    # via mltrainer
tqdm==4.66.4
    # via hyperopt
    # via mads-datasets
    # via mltrainer
    # via shap
    # via torchtext
typing-extensions==4.11.0
    # via alembic
    # via configspace
    # via pydantic
    # via pydantic-core
    # via sqlalchemy
    # via torch
tzdata==2024.1
    # via pandas
urllib3==2.2.1
    # via docker
    # via requests
werkzeug==3.0.3
    # via flask
    # via tensorboard
zipp==3.18.1
    # via importlib-metadata
